
Microsoft Visual Studio Solution File, Format Version 12.00
# Visual Studio Version 17
VisualStudioVersion = 17.8.34511.84
MinimumVisualStudioVersion = 10.0.40219.1
Project("{2150E333-8FDC-42A3-9474-1A3956D46DE8}") = "src", "src", "{43A57284-99A3-4973-A7A1-03C3896F8F78}"
EndProject
Project("{2150E333-8FDC-42A3-9474-1A3956D46DE8}") = "tests", "tests", "{AD869F2E-820B-4F0C-8FC0-64359C265BF5}"
EndProject
Project("{9A19103F-16F7-4668-BE54-9A1E7A4F7556}") = "Frenet.ShipManagement", "src\Frenet.ShipManagement\Frenet.ShipManagement.csproj", "{F5197915-F6A1-4C15-98D4-AB855BD1799A}"
EndProject
Project("{9A19103F-16F7-4668-BE54-9A1E7A4F7556}") = "Frenet.ShipManagement.UnitTests", "tests\Frenet.ShipManagement.UnitTests\Frenet.ShipManagement.UnitTests.csproj", "{4A9E3828-9CA2-415B-8E39-3E3AEDA82DE8}"
EndProject
Project("{2150E333-8FDC-42A3-9474-1A3956D46DE8}") = "Solution Items", "Solution Items", "{11A7254A-0639-4D26-89DF-0A45F923B1CA}"
	ProjectSection(SolutionItems) = preProject
		.editorconfig = .editorconfig
	EndProjectSection
EndProject
Global
	GlobalSection(SolutionConfigurationPlatforms) = preSolution
		Debug|Any CPU = Debug|Any CPU
		Release|Any CPU = Release|Any CPU
	EndGlobalSection
	GlobalSection(ProjectConfigurationPlatforms) = postSolution
		{F5197915-F6A1-4C15-98D4-AB855BD1799A}.Debug|Any CPU.ActiveCfg = Debug|Any CPU
		{F5197915-F6A1-4C15-98D4-AB855BD1799A}.Debug|Any CPU.Build.0 = Debug|Any CPU
		{F5197915-F6A1-4C15-98D4-AB855BD1799A}.Release|Any CPU.ActiveCfg = Release|Any CPU
		{F5197915-F6A1-4C15-98D4-AB855BD1799A}.Release|Any CPU.Build.0 = Release|Any CPU
		{4A9E3828-9CA2-415B-8E39-3E3AEDA82DE8}.Debug|Any CPU.ActiveCfg = Debug|Any CPU
		{4A9E3828-9CA2-415B-8E39-3E3AEDA82DE8}.Debug|Any CPU.Build.0 = Debug|Any CPU
		{4A9E3828-9CA2-415B-8E39-3E3AEDA82DE8}.Release|Any CPU.ActiveCfg = Release|Any CPU
		{4A9E3828-9CA2-415B-8E39-3E3AEDA82DE8}.Release|Any CPU.Build.0 = Release|Any CPU
	EndGlobalSection
	GlobalSection(SolutionProperties) = preSolution
		HideSolutionNode = FALSE
	EndGlobalSection
	GlobalSection(NestedProjects) = preSolution
		{F5197915-F6A1-4C15-98D4-AB855BD1799A} = {43A57284-99A3-4973-A7A1-03C3896F8F78}
		{4A9E3828-9CA2-415B-8E39-3E3AEDA82DE8} = {AD869F2E-820B-4F0C-8FC0-64359C265BF5}
	EndGlobalSection
	GlobalSection(ExtensibilityGlobals) = postSolution
		SolutionGuid = {8196C8E9-F59B-4A91-AD59-00F3DE2756A0}
	EndGlobalSection
EndGlobal
