
Microsoft Visual Studio Solution File, Format Version 12.00
# Visual Studio Version 17
VisualStudioVersion = 17.8.34511.84
MinimumVisualStudioVersion = 10.0.40219.1
Project("{FAE04EC0-301F-11D3-BF4B-00C04F79EFBC}") = "Frenet.ShipManagement", "Frenet.ShipManagement.csproj", "{947992A2-236F-4660-8D4B-848B8F4D0761}"
EndProject
Global
	GlobalSection(SolutionConfigurationPlatforms) = preSolution
		Debug|Any CPU = Debug|Any CPU
		Release|Any CPU = Release|Any CPU
	EndGlobalSection
	GlobalSection(ProjectConfigurationPlatforms) = postSolution
		{947992A2-236F-4660-8D4B-848B8F4D0761}.Debug|Any CPU.ActiveCfg = Debug|Any CPU
		{947992A2-236F-4660-8D4B-848B8F4D0761}.Debug|Any CPU.Build.0 = Debug|Any CPU
		{947992A2-236F-4660-8D4B-848B8F4D0761}.Release|Any CPU.ActiveCfg = Release|Any CPU
		{947992A2-236F-4660-8D4B-848B8F4D0761}.Release|Any CPU.Build.0 = Release|Any CPU
	EndGlobalSection
	GlobalSection(SolutionProperties) = preSolution
		HideSolutionNode = FALSE
	EndGlobalSection
	GlobalSection(ExtensibilityGlobals) = postSolution
		SolutionGuid = {8196C8E9-F59B-4A91-AD59-00F3DE2756A0}
	EndGlobalSection
EndGlobal
